{
  "version": 4,
  "terraform_version": "1.9.4",
  "serial": 27,
  "lineage": "4b65d5ee-bfe4-f866-b0db-fb6467e0f8f1",
  "outputs": {},
  "resources": [
    {
      "mode": "managed",
      "type": "yandex_compute_disk",
      "name": "boot-disk",
      "provider": "provider[\"registry.terraform.io/yandex-cloud/yandex\"]",
      "instances": [
        {
          "schema_version": 0,
          "attributes": {
            "allow_recreate": null,
            "block_size": 4096,
            "created_at": "2024-08-16T14:53:35Z",
            "description": "",
            "disk_placement_policy": [
              {
                "disk_placement_group_id": ""
              }
            ],
            "folder_id": "b1gdge57rslfb323otnm",
            "id": "epdab70058n5362f19m2",
            "image_id": "fd8vnu51jg630baj500i",
            "labels": null,
            "name": "boot-disk",
            "product_ids": [
              "f2eao7d6b30t7888kejv"
            ],
            "size": 30,
            "snapshot_id": "",
            "status": "ready",
            "timeouts": null,
            "type": "network-hdd",
            "zone": "ru-central1-b"
          },
          "sensitive_attributes": [],
          "private": "eyJlMmJmYjczMC1lY2FhLTExZTYtOGY4OC0zNDM2M2JjN2M0YzAiOnsiY3JlYXRlIjozMDAwMDAwMDAwMDAsImRlbGV0ZSI6MzAwMDAwMDAwMDAwLCJ1cGRhdGUiOjMwMDAwMDAwMDAwMH19"
        }
      ]
    },
    {
      "mode": "managed",
      "type": "yandex_compute_instance",
      "name": "rest-api",
      "provider": "provider[\"registry.terraform.io/yandex-cloud/yandex\"]",
      "instances": [
        {
          "schema_version": 1,
          "attributes": {
            "allow_recreate": null,
            "allow_stopping_for_update": null,
            "boot_disk": [
              {
                "auto_delete": true,
                "device_name": "epdab70058n5362f19m2",
                "disk_id": "epdab70058n5362f19m2",
                "initialize_params": [
                  {
                    "block_size": 4096,
                    "description": "",
                    "image_id": "fd8vnu51jg630baj500i",
                    "name": "boot-disk",
                    "size": 30,
                    "snapshot_id": "",
                    "type": "network-hdd"
                  }
                ],
                "mode": "READ_WRITE"
              }
            ],
            "created_at": "2024-08-16T14:53:49Z",
            "description": "",
            "filesystem": [],
            "folder_id": "b1gdge57rslfb323otnm",
            "fqdn": "epdnq8h6jncun27nu8dp.auto.internal",
            "gpu_cluster_id": "",
            "hostname": "",
            "id": "epdnq8h6jncun27nu8dp",
            "labels": null,
            "local_disk": [],
            "maintenance_grace_period": "",
            "maintenance_policy": null,
            "metadata": {
              "fqdn": "rest-api.ru-central1.internal",
              "user-data": "#cloud-config\nusers:\n  - name: anestesia\n    groups: sudo\n    shell: /bin/bash\n    sudo: 'ALL=(ALL) NOPASSWD:ALL'\n    ssh-authorized-keys:\n      - ssh-rsa AAAAB3NzaC1yc2EAAAADAQABAAABgQCsziwx/jzvyJ8gdMA8X4OpZjYNPG415V67Vu1sVOGBwQpaWjMPYbNp2T6erqtWU3CKKyALdTyN6a1UzxtF8/Ggcs3VdqQjxIdAnvtszgSZA7XK7gbFORKjlO0x4WoEjBbm67fzJ8AQnaJ5kgc3soa33i0sUlnLAYMRmGqWx73hTWqngWd0PqNok8L6Jzw8PVpwGV1N2m9BQT3mk/uvv5TdylYrOU/m0/otnEIhaqmG6n4ZKJB9Qov1mbXi30fHwModEny79gzNRIi7f3sDUJaFhLYZOUkLF3L2Dlkyhexh3kigVs3qbcyy6k+8qnAclK0Tt/IVLkM6un8gKGbeN1oYGwNsGXPuQLle9Z3fpFuAWMIUFcTKRMy/mBIUW9vLXBRLPYBAlC3yVYeHDhaBuVabWxuF4tTBqA/c7/ozgQgUyDtYfx6S4lZpUSs28uKRYLlxNamAg4yd7ACyg/U4GyvAZFkSIJSJv8BRphlggTpucGpFHBjfk9/4SKDGsM6pkm0= anestesia@control-plane\n"
            },
            "metadata_options": [
              {
                "aws_v1_http_endpoint": 1,
                "aws_v1_http_token": 2,
                "gce_http_endpoint": 1,
                "gce_http_token": 1
              }
            ],
            "name": "rest-api",
            "network_acceleration_type": "standard",
            "network_interface": [
              {
                "dns_record": [],
                "index": 0,
                "ip_address": "10.129.0.40",
                "ipv4": true,
                "ipv6": false,
                "ipv6_address": "",
                "ipv6_dns_record": [],
                "mac_address": "d0:0d:17:d2:22:69",
                "nat": true,
                "nat_dns_record": [],
                "nat_ip_address": "89.169.166.120",
                "nat_ip_version": "IPV4",
                "security_group_ids": [],
                "subnet_id": "e2lcmpigub6jp4jl52n7"
              }
            ],
            "placement_policy": [
              {
                "host_affinity_rules": [],
                "placement_group_id": "",
                "placement_group_partition": 0
              }
            ],
            "platform_id": "standard-v1",
            "resources": [
              {
                "core_fraction": 100,
                "cores": 2,
                "gpus": 0,
                "memory": 2
              }
            ],
            "scheduling_policy": [
              {
                "preemptible": false
              }
            ],
            "secondary_disk": [],
            "service_account_id": "",
            "status": "running",
            "timeouts": null,
            "zone": "ru-central1-b"
          },
          "sensitive_attributes": [],
          "private": "eyJlMmJmYjczMC1lY2FhLTExZTYtOGY4OC0zNDM2M2JjN2M0YzAiOnsiY3JlYXRlIjozMDAwMDAwMDAwMDAsImRlbGV0ZSI6MzAwMDAwMDAwMDAwLCJ1cGRhdGUiOjMwMDAwMDAwMDAwMH0sInNjaGVtYV92ZXJzaW9uIjoiMSJ9",
          "dependencies": [
            "yandex_compute_disk.boot-disk"
          ]
        }
      ]
    }
  ],
  "check_results": null
}
